
Microsoft Visual Studio Solution File, Format Version 12.00
# Visual Studio 15
VisualStudioVersion = 15.0.28010.2016
MinimumVisualStudioVersion = 10.0.40219.1
Project("{FAE04EC0-301F-11D3-BF4B-00C04F79EFBC}") = "CityInfo.API", "CitiInfo.Api\CityInfo.API.csproj", "{7D78D388-E986-4F76-ABB5-57230C013D3F}"
EndProject
Global
	GlobalSection(SolutionConfigurationPlatforms) = preSolution
		Debug|Any CPU = Debug|Any CPU
		Release|Any CPU = Release|Any CPU
	EndGlobalSection
	GlobalSection(ProjectConfigurationPlatforms) = postSolution
		{7D78D388-E986-4F76-ABB5-57230C013D3F}.Debug|Any CPU.ActiveCfg = Debug|Any CPU
		{7D78D388-E986-4F76-ABB5-57230C013D3F}.Debug|Any CPU.Build.0 = Debug|Any CPU
		{7D78D388-E986-4F76-ABB5-57230C013D3F}.Release|Any CPU.ActiveCfg = Release|Any CPU
		{7D78D388-E986-4F76-ABB5-57230C013D3F}.Release|Any CPU.Build.0 = Release|Any CPU
	EndGlobalSection
	GlobalSection(SolutionProperties) = preSolution
		HideSolutionNode = FALSE
	EndGlobalSection
	GlobalSection(ExtensibilityGlobals) = postSolution
		SolutionGuid = {945BECAD-860A-4CF6-9F26-15FC58C96131}
	EndGlobalSection
EndGlobal
